
Microsoft Visual Studio Solution File, Format Version 12.00
# Visual Studio 15
Project("{FAE04EC0-301F-11D3-BF4B-00C04F79EFBC}") = "dashboard.Android", "dashboard.Android\dashboard.Android.csproj", "{30D1DA1C-BDA8-45C5-B922-764552CB5A40}"
EndProject
Project("{FAE04EC0-301F-11D3-BF4B-00C04F79EFBC}") = "dashboard.iOS", "dashboard.iOS\dashboard.iOS.csproj", "{7FF3BDC0-E59F-4F50-8EF3-08747AEE3DC9}"
EndProject
Project("{FAE04EC0-301F-11D3-BF4B-00C04F79EFBC}") = "dashboard.UITests", "dashboard.UITests\dashboard.UITests.csproj", "{B19C892E-2628-4CA7-AD27-08D406A3B14B}"
EndProject
Project("{FAE04EC0-301F-11D3-BF4B-00C04F79EFBC}") = "dashboard", "dashboard\dashboard.csproj", "{D894E782-C564-46BE-A6DF-0558F575C5B7}"
EndProject
Project("{FAE04EC0-301F-11D3-BF4B-00C04F79EFBC}") = "dashboard.MacOS", "dashboard.MacOS\dashboard.MacOS.csproj", "{CA45D56F-70C9-4F71-886B-220664C49116}"
EndProject
Global
	GlobalSection(SolutionConfigurationPlatforms) = preSolution
		Debug|Any CPU = Debug|Any CPU
		Release|Any CPU = Release|Any CPU
		Debug|iPhoneSimulator = Debug|iPhoneSimulator
		Release|iPhoneSimulator = Release|iPhoneSimulator
		Debug|iPhone = Debug|iPhone
		Release|iPhone = Release|iPhone
		Ad-Hoc|iPhone = Ad-Hoc|iPhone
		AppStore|iPhone = AppStore|iPhone
	EndGlobalSection
	GlobalSection(ProjectConfigurationPlatforms) = postSolution
		{30D1DA1C-BDA8-45C5-B922-764552CB5A40}.Debug|Any CPU.ActiveCfg = Debug|Any CPU
		{30D1DA1C-BDA8-45C5-B922-764552CB5A40}.Debug|Any CPU.Build.0 = Debug|Any CPU
		{30D1DA1C-BDA8-45C5-B922-764552CB5A40}.Release|Any CPU.ActiveCfg = Release|Any CPU
		{30D1DA1C-BDA8-45C5-B922-764552CB5A40}.Release|Any CPU.Build.0 = Release|Any CPU
		{30D1DA1C-BDA8-45C5-B922-764552CB5A40}.Debug|iPhoneSimulator.ActiveCfg = Debug|Any CPU
		{30D1DA1C-BDA8-45C5-B922-764552CB5A40}.Debug|iPhoneSimulator.Build.0 = Debug|Any CPU
		{30D1DA1C-BDA8-45C5-B922-764552CB5A40}.Release|iPhoneSimulator.ActiveCfg = Release|Any CPU
		{30D1DA1C-BDA8-45C5-B922-764552CB5A40}.Release|iPhoneSimulator.Build.0 = Release|Any CPU
		{30D1DA1C-BDA8-45C5-B922-764552CB5A40}.Debug|iPhone.ActiveCfg = Debug|Any CPU
		{30D1DA1C-BDA8-45C5-B922-764552CB5A40}.Debug|iPhone.Build.0 = Debug|Any CPU
		{30D1DA1C-BDA8-45C5-B922-764552CB5A40}.Release|iPhone.ActiveCfg = Release|Any CPU
		{30D1DA1C-BDA8-45C5-B922-764552CB5A40}.Release|iPhone.Build.0 = Release|Any CPU
		{30D1DA1C-BDA8-45C5-B922-764552CB5A40}.Ad-Hoc|iPhone.ActiveCfg = Debug|Any CPU
		{30D1DA1C-BDA8-45C5-B922-764552CB5A40}.Ad-Hoc|iPhone.Build.0 = Debug|Any CPU
		{30D1DA1C-BDA8-45C5-B922-764552CB5A40}.AppStore|iPhone.ActiveCfg = Debug|Any CPU
		{30D1DA1C-BDA8-45C5-B922-764552CB5A40}.AppStore|iPhone.Build.0 = Debug|Any CPU
		{7FF3BDC0-E59F-4F50-8EF3-08747AEE3DC9}.Debug|Any CPU.ActiveCfg = Debug|iPhoneSimulator
		{7FF3BDC0-E59F-4F50-8EF3-08747AEE3DC9}.Debug|Any CPU.Build.0 = Debug|iPhoneSimulator
		{7FF3BDC0-E59F-4F50-8EF3-08747AEE3DC9}.Release|Any CPU.ActiveCfg = Release|iPhoneSimulator
		{7FF3BDC0-E59F-4F50-8EF3-08747AEE3DC9}.Release|Any CPU.Build.0 = Release|iPhoneSimulator
		{7FF3BDC0-E59F-4F50-8EF3-08747AEE3DC9}.Debug|iPhoneSimulator.ActiveCfg = Debug|iPhoneSimulator
		{7FF3BDC0-E59F-4F50-8EF3-08747AEE3DC9}.Debug|iPhoneSimulator.Build.0 = Debug|iPhoneSimulator
		{7FF3BDC0-E59F-4F50-8EF3-08747AEE3DC9}.Release|iPhoneSimulator.ActiveCfg = Release|iPhoneSimulator
		{7FF3BDC0-E59F-4F50-8EF3-08747AEE3DC9}.Release|iPhoneSimulator.Build.0 = Release|iPhoneSimulator
		{7FF3BDC0-E59F-4F50-8EF3-08747AEE3DC9}.Debug|iPhone.ActiveCfg = Debug|iPhone
		{7FF3BDC0-E59F-4F50-8EF3-08747AEE3DC9}.Debug|iPhone.Build.0 = Debug|iPhone
		{7FF3BDC0-E59F-4F50-8EF3-08747AEE3DC9}.Release|iPhone.ActiveCfg = Release|iPhone
		{7FF3BDC0-E59F-4F50-8EF3-08747AEE3DC9}.Release|iPhone.Build.0 = Release|iPhone
		{7FF3BDC0-E59F-4F50-8EF3-08747AEE3DC9}.Ad-Hoc|iPhone.ActiveCfg = Ad-Hoc|iPhone
		{7FF3BDC0-E59F-4F50-8EF3-08747AEE3DC9}.Ad-Hoc|iPhone.Build.0 = Ad-Hoc|iPhone
		{7FF3BDC0-E59F-4F50-8EF3-08747AEE3DC9}.AppStore|iPhone.ActiveCfg = AppStore|iPhone
		{7FF3BDC0-E59F-4F50-8EF3-08747AEE3DC9}.AppStore|iPhone.Build.0 = AppStore|iPhone
		{B19C892E-2628-4CA7-AD27-08D406A3B14B}.Debug|Any CPU.ActiveCfg = Debug|Any CPU
		{B19C892E-2628-4CA7-AD27-08D406A3B14B}.Debug|Any CPU.Build.0 = Debug|Any CPU
		{B19C892E-2628-4CA7-AD27-08D406A3B14B}.Release|Any CPU.ActiveCfg = Release|Any CPU
		{B19C892E-2628-4CA7-AD27-08D406A3B14B}.Release|Any CPU.Build.0 = Release|Any CPU
		{B19C892E-2628-4CA7-AD27-08D406A3B14B}.Debug|iPhoneSimulator.ActiveCfg = Debug|Any CPU
		{B19C892E-2628-4CA7-AD27-08D406A3B14B}.Debug|iPhoneSimulator.Build.0 = Debug|Any CPU
		{B19C892E-2628-4CA7-AD27-08D406A3B14B}.Release|iPhoneSimulator.ActiveCfg = Release|Any CPU
		{B19C892E-2628-4CA7-AD27-08D406A3B14B}.Release|iPhoneSimulator.Build.0 = Release|Any CPU
		{B19C892E-2628-4CA7-AD27-08D406A3B14B}.Debug|iPhone.ActiveCfg = Debug|Any CPU
		{B19C892E-2628-4CA7-AD27-08D406A3B14B}.Debug|iPhone.Build.0 = Debug|Any CPU
		{B19C892E-2628-4CA7-AD27-08D406A3B14B}.Release|iPhone.ActiveCfg = Release|Any CPU
		{B19C892E-2628-4CA7-AD27-08D406A3B14B}.Release|iPhone.Build.0 = Release|Any CPU
		{B19C892E-2628-4CA7-AD27-08D406A3B14B}.Ad-Hoc|iPhone.ActiveCfg = Debug|Any CPU
		{B19C892E-2628-4CA7-AD27-08D406A3B14B}.Ad-Hoc|iPhone.Build.0 = Debug|Any CPU
		{B19C892E-2628-4CA7-AD27-08D406A3B14B}.AppStore|iPhone.ActiveCfg = Debug|Any CPU
		{B19C892E-2628-4CA7-AD27-08D406A3B14B}.AppStore|iPhone.Build.0 = Debug|Any CPU
		{D894E782-C564-46BE-A6DF-0558F575C5B7}.Debug|Any CPU.ActiveCfg = Debug|Any CPU
		{D894E782-C564-46BE-A6DF-0558F575C5B7}.Debug|Any CPU.Build.0 = Debug|Any CPU
		{D894E782-C564-46BE-A6DF-0558F575C5B7}.Release|Any CPU.ActiveCfg = Release|Any CPU
		{D894E782-C564-46BE-A6DF-0558F575C5B7}.Release|Any CPU.Build.0 = Release|Any CPU
		{D894E782-C564-46BE-A6DF-0558F575C5B7}.Debug|iPhoneSimulator.ActiveCfg = Debug|Any CPU
		{D894E782-C564-46BE-A6DF-0558F575C5B7}.Debug|iPhoneSimulator.Build.0 = Debug|Any CPU
		{D894E782-C564-46BE-A6DF-0558F575C5B7}.Release|iPhoneSimulator.ActiveCfg = Release|Any CPU
		{D894E782-C564-46BE-A6DF-0558F575C5B7}.Release|iPhoneSimulator.Build.0 = Release|Any CPU
		{D894E782-C564-46BE-A6DF-0558F575C5B7}.Debug|iPhone.ActiveCfg = Debug|Any CPU
		{D894E782-C564-46BE-A6DF-0558F575C5B7}.Debug|iPhone.Build.0 = Debug|Any CPU
		{D894E782-C564-46BE-A6DF-0558F575C5B7}.Release|iPhone.ActiveCfg = Release|Any CPU
		{D894E782-C564-46BE-A6DF-0558F575C5B7}.Release|iPhone.Build.0 = Release|Any CPU
		{D894E782-C564-46BE-A6DF-0558F575C5B7}.Ad-Hoc|iPhone.ActiveCfg = Debug|Any CPU
		{D894E782-C564-46BE-A6DF-0558F575C5B7}.Ad-Hoc|iPhone.Build.0 = Debug|Any CPU
		{D894E782-C564-46BE-A6DF-0558F575C5B7}.AppStore|iPhone.ActiveCfg = Debug|Any CPU
		{D894E782-C564-46BE-A6DF-0558F575C5B7}.AppStore|iPhone.Build.0 = Debug|Any CPU
		{CA45D56F-70C9-4F71-886B-220664C49116}.Debug|Any CPU.ActiveCfg = Debug|Any CPU
		{CA45D56F-70C9-4F71-886B-220664C49116}.Debug|Any CPU.Build.0 = Debug|Any CPU
		{CA45D56F-70C9-4F71-886B-220664C49116}.Release|Any CPU.ActiveCfg = Release|Any CPU
		{CA45D56F-70C9-4F71-886B-220664C49116}.Release|Any CPU.Build.0 = Release|Any CPU
		{CA45D56F-70C9-4F71-886B-220664C49116}.Debug|iPhoneSimulator.ActiveCfg = Debug|Any CPU
		{CA45D56F-70C9-4F71-886B-220664C49116}.Debug|iPhoneSimulator.Build.0 = Debug|Any CPU
		{CA45D56F-70C9-4F71-886B-220664C49116}.Release|iPhoneSimulator.ActiveCfg = Release|Any CPU
		{CA45D56F-70C9-4F71-886B-220664C49116}.Release|iPhoneSimulator.Build.0 = Release|Any CPU
		{CA45D56F-70C9-4F71-886B-220664C49116}.Debug|iPhone.ActiveCfg = Debug|Any CPU
		{CA45D56F-70C9-4F71-886B-220664C49116}.Debug|iPhone.Build.0 = Debug|Any CPU
		{CA45D56F-70C9-4F71-886B-220664C49116}.Release|iPhone.ActiveCfg = Release|Any CPU
		{CA45D56F-70C9-4F71-886B-220664C49116}.Release|iPhone.Build.0 = Release|Any CPU
		{CA45D56F-70C9-4F71-886B-220664C49116}.Ad-Hoc|iPhone.ActiveCfg = Debug|Any CPU
		{CA45D56F-70C9-4F71-886B-220664C49116}.Ad-Hoc|iPhone.Build.0 = Debug|Any CPU
		{CA45D56F-70C9-4F71-886B-220664C49116}.AppStore|iPhone.ActiveCfg = Debug|Any CPU
		{CA45D56F-70C9-4F71-886B-220664C49116}.AppStore|iPhone.Build.0 = Debug|Any CPU
	EndGlobalSection
EndGlobal
